
Microsoft Visual Studio Solution File, Format Version 12.00
# Visual Studio Version 17
VisualStudioVersion = 17.14.36109.1 d17.14
MinimumVisualStudioVersion = 10.0.40219.1
Project("{FAE04EC0-301F-11D3-BF4B-00C04F79EFBC}") = "Clase Círculo", "Clase Círculo\Clase Círculo.csproj", "{16891469-9C5C-44B4-B18B-F59B59E33D4F}"
EndProject
Global
	GlobalSection(SolutionConfigurationPlatforms) = preSolution
		Debug|Any CPU = Debug|Any CPU
		Release|Any CPU = Release|Any CPU
	EndGlobalSection
	GlobalSection(ProjectConfigurationPlatforms) = postSolution
		{16891469-9C5C-44B4-B18B-F59B59E33D4F}.Debug|Any CPU.ActiveCfg = Debug|Any CPU
		{16891469-9C5C-44B4-B18B-F59B59E33D4F}.Debug|Any CPU.Build.0 = Debug|Any CPU
		{16891469-9C5C-44B4-B18B-F59B59E33D4F}.Release|Any CPU.ActiveCfg = Release|Any CPU
		{16891469-9C5C-44B4-B18B-F59B59E33D4F}.Release|Any CPU.Build.0 = Release|Any CPU
	EndGlobalSection
	GlobalSection(SolutionProperties) = preSolution
		HideSolutionNode = FALSE
	EndGlobalSection
	GlobalSection(ExtensibilityGlobals) = postSolution
		SolutionGuid = {C2F85718-B7C2-44AA-8658-EC3675A421CA}
	EndGlobalSection
EndGlobal
