
Microsoft Visual Studio Solution File, Format Version 12.00
# Visual Studio Version 17
VisualStudioVersion = 17.11.35327.3
MinimumVisualStudioVersion = 10.0.40219.1
Project("{FAE04EC0-301F-11D3-BF4B-00C04F79EFBC}") = "Operaciones basicas", "Operaciones basicas.csproj", "{225EBA1E-5D21-438C-A9B5-707B494E9721}"
EndProject
Global
	GlobalSection(SolutionConfigurationPlatforms) = preSolution
		Debug|Any CPU = Debug|Any CPU
		Release|Any CPU = Release|Any CPU
	EndGlobalSection
	GlobalSection(ProjectConfigurationPlatforms) = postSolution
		{225EBA1E-5D21-438C-A9B5-707B494E9721}.Debug|Any CPU.ActiveCfg = Debug|Any CPU
		{225EBA1E-5D21-438C-A9B5-707B494E9721}.Debug|Any CPU.Build.0 = Debug|Any CPU
		{225EBA1E-5D21-438C-A9B5-707B494E9721}.Release|Any CPU.ActiveCfg = Release|Any CPU
		{225EBA1E-5D21-438C-A9B5-707B494E9721}.Release|Any CPU.Build.0 = Release|Any CPU
	EndGlobalSection
	GlobalSection(SolutionProperties) = preSolution
		HideSolutionNode = FALSE
	EndGlobalSection
	GlobalSection(ExtensibilityGlobals) = postSolution
		SolutionGuid = {E7B567A7-D7CA-4D00-A64E-469F808D7D1F}
	EndGlobalSection
EndGlobal
