
Microsoft Visual Studio Solution File, Format Version 12.00
# Visual Studio Version 17
VisualStudioVersion = 17.14.36109.1 d17.14
MinimumVisualStudioVersion = 10.0.40219.1
Project("{FAE04EC0-301F-11D3-BF4B-00C04F79EFBC}") = "ClassPersona", "ClassPersona\ClassPersona.csproj", "{722FCBB2-FB0F-48E4-88B5-79FAC266D2F8}"
EndProject
Global
	GlobalSection(SolutionConfigurationPlatforms) = preSolution
		Debug|Any CPU = Debug|Any CPU
		Release|Any CPU = Release|Any CPU
	EndGlobalSection
	GlobalSection(ProjectConfigurationPlatforms) = postSolution
		{722FCBB2-FB0F-48E4-88B5-79FAC266D2F8}.Debug|Any CPU.ActiveCfg = Debug|Any CPU
		{722FCBB2-FB0F-48E4-88B5-79FAC266D2F8}.Debug|Any CPU.Build.0 = Debug|Any CPU
		{722FCBB2-FB0F-48E4-88B5-79FAC266D2F8}.Release|Any CPU.ActiveCfg = Release|Any CPU
		{722FCBB2-FB0F-48E4-88B5-79FAC266D2F8}.Release|Any CPU.Build.0 = Release|Any CPU
	EndGlobalSection
	GlobalSection(SolutionProperties) = preSolution
		HideSolutionNode = FALSE
	EndGlobalSection
	GlobalSection(ExtensibilityGlobals) = postSolution
		SolutionGuid = {1F6B8852-74B3-45BA-BFB7-781745BD3E66}
	EndGlobalSection
EndGlobal
