
Microsoft Visual Studio Solution File, Format Version 12.00
# Visual Studio Version 17
VisualStudioVersion = 17.14.36109.1 d17.14
MinimumVisualStudioVersion = 10.0.40219.1
Project("{FAE04EC0-301F-11D3-BF4B-00C04F79EFBC}") = "Clase Rectángulo", "Clase Rectángulo\Clase Rectángulo.csproj", "{29FAA480-2F90-4042-BEFA-DE4AD49E6718}"
EndProject
Global
	GlobalSection(SolutionConfigurationPlatforms) = preSolution
		Debug|Any CPU = Debug|Any CPU
		Release|Any CPU = Release|Any CPU
	EndGlobalSection
	GlobalSection(ProjectConfigurationPlatforms) = postSolution
		{29FAA480-2F90-4042-BEFA-DE4AD49E6718}.Debug|Any CPU.ActiveCfg = Debug|Any CPU
		{29FAA480-2F90-4042-BEFA-DE4AD49E6718}.Debug|Any CPU.Build.0 = Debug|Any CPU
		{29FAA480-2F90-4042-BEFA-DE4AD49E6718}.Release|Any CPU.ActiveCfg = Release|Any CPU
		{29FAA480-2F90-4042-BEFA-DE4AD49E6718}.Release|Any CPU.Build.0 = Release|Any CPU
	EndGlobalSection
	GlobalSection(SolutionProperties) = preSolution
		HideSolutionNode = FALSE
	EndGlobalSection
	GlobalSection(ExtensibilityGlobals) = postSolution
		SolutionGuid = {60503657-E31A-4F94-BA05-14672A862F7B}
	EndGlobalSection
EndGlobal
